# This file is automatically @generated by Poetry 1.8.2 and should not be changed by hand.

[[package]]
name = "anyio"
version = "4.6.0"
description = "High level compatibility layer for multiple asynchronous event loop implementations"
optional = false
python-versions = ">=3.9"
files = [
    {file = "anyio-4.6.0-py3-none-any.whl", hash = "sha256:c7d2e9d63e31599eeb636c8c5c03a7e108d73b345f064f1c19fdc87b79036a9a"},
    {file = "anyio-4.6.0.tar.gz", hash = "sha256:137b4559cbb034c477165047febb6ff83f390fc3b20bf181c1fc0a728cb8beeb"},
]

[package.dependencies]
idna = ">=2.8"
sniffio = ">=1.1"

[package.extras]
doc = ["Sphinx (>=7.4,<8.0)", "packaging", "sphinx-autodoc-typehints (>=1.2.0)", "sphinx-rtd-theme"]
test = ["anyio[trio]", "coverage[toml] (>=7)", "exceptiongroup (>=1.2.0)", "hypothesis (>=4.0)", "psutil (>=5.9)", "pytest (>=7.0)", "pytest-mock (>=3.6.1)", "trustme", "uvloop (>=0.21.0b1)"]
trio = ["trio (>=0.26.1)"]

[[package]]
name = "certifi"
version = "2024.8.30"
description = "Python package for providing Mozilla's CA Bundle."
optional = false
python-versions = ">=3.6"
files = [
    {file = "certifi-2024.8.30-py3-none-any.whl", hash = "sha256:922820b53db7a7257ffbda3f597266d435245903d80737e34f8a45ff3e3230d8"},
    {file = "certifi-2024.8.30.tar.gz", hash = "sha256:bec941d2aa8195e248a60b31ff9f0558284cf01a52591ceda73ea9afffd69fd9"},
]

[[package]]
name = "colorama"
version = "0.4.6"
description = "Cross-platform colored terminal text."
optional = false
python-versions = "!=3.0.*,!=3.1.*,!=3.2.*,!=3.3.*,!=3.4.*,!=3.5.*,!=3.6.*,>=2.7"
files = [
    {file = "colorama-0.4.6-py2.py3-none-any.whl", hash = "sha256:4f1d9991f5acc0ca119f9d443620b77f9d6b33703e51011c16baf57afb285fc6"},
    {file = "colorama-0.4.6.tar.gz", hash = "sha256:08695f5cb7ed6e0531a20572697297273c47b8cae5a63ffc6d6ed5c201be6e44"},
]

[[package]]
name = "h11"
version = "0.14.0"
description = "A pure-Python, bring-your-own-I/O implementation of HTTP/1.1"
optional = false
python-versions = ">=3.7"
files = [
    {file = "h11-0.14.0-py3-none-any.whl", hash = "sha256:e3fe4ac4b851c468cc8363d500db52c2ead036020723024a109d37346efaa761"},
    {file = "h11-0.14.0.tar.gz", hash = "sha256:8f19fbbe99e72420ff35c00b27a34cb9937e902a8b810e2c88300c6f0a3b699d"},
]

[[package]]
name = "httpcore"
version = "1.0.6"
description = "A minimal low-level HTTP client."
optional = false
python-versions = ">=3.8"
files = [
    {file = "httpcore-1.0.6-py3-none-any.whl", hash = "sha256:27b59625743b85577a8c0e10e55b50b5368a4f2cfe8cc7bcfa9cf00829c2682f"},
    {file = "httpcore-1.0.6.tar.gz", hash = "sha256:73f6dbd6eb8c21bbf7ef8efad555481853f5f6acdeaff1edb0694289269ee17f"},
]

[package.dependencies]
certifi = "*"
h11 = ">=0.13,<0.15"

[package.extras]
asyncio = ["anyio (>=4.0,<5.0)"]
http2 = ["h2 (>=3,<5)"]
socks = ["socksio (==1.*)"]
trio = ["trio (>=0.22.0,<1.0)"]

[[package]]
name = "httpx"
version = "0.27.2"
description = "The next generation HTTP client."
optional = false
python-versions = ">=3.8"
files = [
    {file = "httpx-0.27.2-py3-none-any.whl", hash = "sha256:7bb2708e112d8fdd7829cd4243970f0c223274051cb35ee80c03301ee29a3df0"},
    {file = "httpx-0.27.2.tar.gz", hash = "sha256:f7c2be1d2f3c3c3160d441802406b206c2b76f5947b11115e6df10c6c65e66c2"},
]

[package.dependencies]
anyio = "*"
certifi = "*"
httpcore = "==1.*"
idna = "*"
sniffio = "*"

[package.extras]
brotli = ["brotli", "brotlicffi"]
cli = ["click (==8.*)", "pygments (==2.*)", "rich (>=10,<14)"]
http2 = ["h2 (>=3,<5)"]
socks = ["socksio (==1.*)"]
zstd = ["zstandard (>=0.18.0)"]

[[package]]
name = "idna"
version = "3.10"
description = "Internationalized Domain Names in Applications (IDNA)"
optional = false
python-versions = ">=3.6"
files = [
    {file = "idna-3.10-py3-none-any.whl", hash = "sha256:946d195a0d259cbba61165e88e65941f16e9b36ea6ddb97f00452bae8b1287d3"},
    {file = "idna-3.10.tar.gz", hash = "sha256:12f65c9b470abda6dc35cf8e63cc574b1c52b11df2c86030af0ac09b01b13ea9"},
]

[package.extras]
all = ["flake8 (>=7.1.1)", "mypy (>=1.11.2)", "pytest (>=8.3.2)", "ruff (>=0.6.2)"]

[[package]]
name = "iniconfig"
version = "2.0.0"
description = "brain-dead simple config-ini parsing"
optional = false
python-versions = ">=3.7"
files = [
    {file = "iniconfig-2.0.0-py3-none-any.whl", hash = "sha256:b6a85871a79d2e3b22d2d1b94ac2824226a63c6b741c88f7ae975f18b6778374"},
    {file = "iniconfig-2.0.0.tar.gz", hash = "sha256:2d91e135bf72d31a410b17c16da610a82cb55f6b0477d1a902134b24a455b8b3"},
]

[[package]]
name = "packaging"
version = "24.1"
description = "Core utilities for Python packages"
optional = false
python-versions = ">=3.8"
files = [
    {file = "packaging-24.1-py3-none-any.whl", hash = "sha256:5b8f2217dbdbd2f7f384c41c628544e6d52f2d0f53c6d0c3ea61aa5d1d7ff124"},
    {file = "packaging-24.1.tar.gz", hash = "sha256:026ed72c8ed3fcce5bf8950572258698927fd1dbda10a5e981cdf0ac37f4f002"},
]

[[package]]
name = "pluggy"
version = "1.5.0"
description = "plugin and hook calling mechanisms for python"
optional = false
python-versions = ">=3.8"
files = [
    {file = "pluggy-1.5.0-py3-none-any.whl", hash = "sha256:44e1ad92c8ca002de6377e165f3e0f1be63266ab4d554740532335b9d75ea669"},
    {file = "pluggy-1.5.0.tar.gz", hash = "sha256:2cffa88e94fdc978c4c574f15f9e59b7f4201d439195c3715ca9e2486f1d0cf1"},
]

[package.extras]
dev = ["pre-commit", "tox"]
testing = ["pytest", "pytest-benchmark"]

[[package]]
name = "pytest"
version = "8.3.3"
description = "pytest: simple powerful testing with Python"
optional = false
python-versions = ">=3.8"
files = [
    {file = "pytest-8.3.3-py3-none-any.whl", hash = "sha256:a6853c7375b2663155079443d2e45de913a911a11d669df02a50814944db57b2"},
    {file = "pytest-8.3.3.tar.gz", hash = "sha256:70b98107bd648308a7952b06e6ca9a50bc660be218d53c257cc1fc94fda10181"},
]

[package.dependencies]
colorama = {version = "*", markers = "sys_platform == \"win32\""}
iniconfig = "*"
packaging = "*"
pluggy = ">=1.5,<2"

[package.extras]
dev = ["argcomplete", "attrs (>=19.2)", "hypothesis (>=3.56)", "mock", "pygments (>=2.7.2)", "requests", "setuptools", "xmlschema"]

[[package]]
name = "pytest-asyncio"
version = "0.24.0"
description = "Pytest support for asyncio"
optional = false
python-versions = ">=3.8"
files = [
    {file = "pytest_asyncio-0.24.0-py3-none-any.whl", hash = "sha256:a811296ed596b69bf0b6f3dc40f83bcaf341b155a269052d82efa2b25ac7037b"},
    {file = "pytest_asyncio-0.24.0.tar.gz", hash = "sha256:d081d828e576d85f875399194281e92bf8a68d60d72d1a2faf2feddb6c46b276"},
]

[package.dependencies]
pytest = ">=8.2,<9"

[package.extras]
docs = ["sphinx (>=5.3)", "sphinx-rtd-theme (>=1.0)"]
testing = ["coverage (>=6.2)", "hypothesis (>=5.7.1)"]

[[package]]
name = "ruff"
version = "0.7.3"
description = "An extremely fast Python linter and code formatter, written in Rust."
optional = false
python-versions = ">=3.7"
files = [
    {file = "ruff-0.7.3-py3-none-linux_armv6l.whl", hash = "sha256:34f2339dc22687ec7e7002792d1f50712bf84a13d5152e75712ac08be565d344"},
    {file = "ruff-0.7.3-py3-none-macosx_10_12_x86_64.whl", hash = "sha256:fb397332a1879b9764a3455a0bb1087bda876c2db8aca3a3cbb67b3dbce8cda0"},
    {file = "ruff-0.7.3-py3-none-macosx_11_0_arm64.whl", hash = "sha256:37d0b619546103274e7f62643d14e1adcbccb242efda4e4bdb9544d7764782e9"},
    {file = "ruff-0.7.3-py3-none-manylinux_2_17_aarch64.manylinux2014_aarch64.whl", hash = "sha256:5d59f0c3ee4d1a6787614e7135b72e21024875266101142a09a61439cb6e38a5"},
    {file = "ruff-0.7.3-py3-none-manylinux_2_17_armv7l.manylinux2014_armv7l.whl", hash = "sha256:44eb93c2499a169d49fafd07bc62ac89b1bc800b197e50ff4633aed212569299"},
    {file = "ruff-0.7.3-py3-none-manylinux_2_17_i686.manylinux2014_i686.whl", hash = "sha256:6d0242ce53f3a576c35ee32d907475a8d569944c0407f91d207c8af5be5dae4e"},
    {file = "ruff-0.7.3-py3-none-manylinux_2_17_ppc64.manylinux2014_ppc64.whl", hash = "sha256:6b6224af8b5e09772c2ecb8dc9f3f344c1aa48201c7f07e7315367f6dd90ac29"},
    {file = "ruff-0.7.3-py3-none-manylinux_2_17_ppc64le.manylinux2014_ppc64le.whl", hash = "sha256:c50f95a82b94421c964fae4c27c0242890a20fe67d203d127e84fbb8013855f5"},
    {file = "ruff-0.7.3-py3-none-manylinux_2_17_s390x.manylinux2014_s390x.whl", hash = "sha256:7f3eff9961b5d2644bcf1616c606e93baa2d6b349e8aa8b035f654df252c8c67"},
    {file = "ruff-0.7.3-py3-none-manylinux_2_17_x86_64.manylinux2014_x86_64.whl", hash = "sha256:b8963cab06d130c4df2fd52c84e9f10d297826d2e8169ae0c798b6221be1d1d2"},
    {file = "ruff-0.7.3-py3-none-musllinux_1_2_aarch64.whl", hash = "sha256:61b46049d6edc0e4317fb14b33bd693245281a3007288b68a3f5b74a22a0746d"},
    {file = "ruff-0.7.3-py3-none-musllinux_1_2_armv7l.whl", hash = "sha256:10ebce7696afe4644e8c1a23b3cf8c0f2193a310c18387c06e583ae9ef284de2"},
    {file = "ruff-0.7.3-py3-none-musllinux_1_2_i686.whl", hash = "sha256:3f36d56326b3aef8eeee150b700e519880d1aab92f471eefdef656fd57492aa2"},
    {file = "ruff-0.7.3-py3-none-musllinux_1_2_x86_64.whl", hash = "sha256:5d024301109a0007b78d57ab0ba190087b43dce852e552734ebf0b0b85e4fb16"},
    {file = "ruff-0.7.3-py3-none-win32.whl", hash = "sha256:4ba81a5f0c5478aa61674c5a2194de8b02652f17addf8dfc40c8937e6e7d79fc"},
    {file = "ruff-0.7.3-py3-none-win_amd64.whl", hash = "sha256:588a9ff2fecf01025ed065fe28809cd5a53b43505f48b69a1ac7707b1b7e4088"},
    {file = "ruff-0.7.3-py3-none-win_arm64.whl", hash = "sha256:1713e2c5545863cdbfe2cbce21f69ffaf37b813bfd1fb3b90dc9a6f1963f5a8c"},
    {file = "ruff-0.7.3.tar.gz", hash = "sha256:e1d1ba2e40b6e71a61b063354d04be669ab0d39c352461f3d789cac68b54a313"},
]

[[package]]
name = "selectolax"
version = "0.3.27"
description = "Fast HTML5 parser with CSS selectors."
optional = false
python-versions = "*"
files = [
    {file = "selectolax-0.3.27-cp310-cp310-macosx_10_9_universal2.whl", hash = "sha256:000b11bbf1c730e61ddd59106cabc77b649e5ebfb3d043abfc1d6b618dab8f0a"},
    {file = "selectolax-0.3.27-cp310-cp310-macosx_10_9_x86_64.whl", hash = "sha256:a975fb54f7180d4b919e084ce54271083fd2960df734ae3045e9c3f557617136"},
    {file = "selectolax-0.3.27-cp310-cp310-manylinux_2_17_aarch64.manylinux2014_aarch64.whl", hash = "sha256:d1388d69ddfd4d1b925f2fac9b8077d05b704bc4e93ce99c949a13bc98b6aec9"},
    {file = "selectolax-0.3.27-cp310-cp310-manylinux_2_17_x86_64.manylinux2014_x86_64.whl", hash = "sha256:11d29154d3bf9391bacbf7df1ff869427ab82a95730a8ca41b79812e21b0f45e"},
    {file = "selectolax-0.3.27-cp310-cp310-manylinux_2_5_i686.manylinux1_i686.manylinux_2_17_i686.manylinux2014_i686.whl", hash = "sha256:1459b78576081317ecebeff15eff5c8903fa1f76dd032068d1c9d23f1aa0c505"},
    {file = "selectolax-0.3.27-cp310-cp310-musllinux_1_2_aarch64.whl", hash = "sha256:2708c2a1546811138f3b71decb1ef1c4a89146b8245116ce60e78597c9e7f232"},
    {file = "selectolax-0.3.27-cp310-cp310-musllinux_1_2_i686.whl", hash = "sha256:292a43ca8d30f864f23467a67190f38175f33e2d46ece88e5c55a2ef4e2c38cb"},
    {file = "selectolax-0.3.27-cp310-cp310-musllinux_1_2_x86_64.whl", hash = "sha256:108f8759cd01a3e4d6d5969481f7e4782d4c63fd90be85c35f6925370d43f199"},
    {file = "selectolax-0.3.27-cp310-cp310-win32.whl", hash = "sha256:ceb398b9a4e25ae72cf75b6001f599f9ca9caaf652b0928e1aa67149bc3f63f6"},
    {file = "selectolax-0.3.27-cp310-cp310-win_amd64.whl", hash = "sha256:613b27f9a97cbae9febdd2d0db18db445a0caedbd9dd227d5f0b061e17bfbed7"},
    {file = "selectolax-0.3.27-cp311-cp311-macosx_10_9_universal2.whl", hash = "sha256:003e1b51384ad7f76ed97259bfa58f7d3875f77b5621732c851b8b249d6cac2a"},
    {file = "selectolax-0.3.27-cp311-cp311-macosx_10_9_x86_64.whl", hash = "sha256:d78cf0ad1853abcde986b0b6fba446bbdd9c604134eb35d1c59f7dacfa5431e6"},
    {file = "selectolax-0.3.27-cp311-cp311-manylinux_2_17_aarch64.manylinux2014_aarch64.whl", hash = "sha256:e8c9366bc38ec1e40ed5f3fa29038cc4c300d9bbf5f7c022ee32db39e271ef82"},
    {file = "selectolax-0.3.27-cp311-cp311-manylinux_2_17_x86_64.manylinux2014_x86_64.whl", hash = "sha256:f211b38ac9022263d57e713b3b23b1c6cd0aa11ac26dab9a9645cf046554cc7e"},
    {file = "selectolax-0.3.27-cp311-cp311-manylinux_2_5_i686.manylinux1_i686.manylinux_2_17_i686.manylinux2014_i686.whl", hash = "sha256:48d7df95bbc0c0b104df6ba9c89b2965306b1dc50ef077680c6c39eee0b0db45"},
    {file = "selectolax-0.3.27-cp311-cp311-musllinux_1_2_aarch64.whl", hash = "sha256:980dfefb53b2c5ee1cb8d624b48d3153c873fb28a3d410908d6c047f76d9a533"},
    {file = "selectolax-0.3.27-cp311-cp311-musllinux_1_2_i686.whl", hash = "sha256:f144a4bd5e4895fd445fa69f2304309f7191d6021378f01dccb438d6b3551685"},
    {file = "selectolax-0.3.27-cp311-cp311-musllinux_1_2_x86_64.whl", hash = "sha256:542183ba360b1852fd4086594393159a02331cf3f358be11e2914bda66ba63a8"},
    {file = "selectolax-0.3.27-cp311-cp311-win32.whl", hash = "sha256:5cd8282445e079fbcbed4fd39ebe46cc78407f9ec59405c0fdede0653b61c966"},
    {file = "selectolax-0.3.27-cp311-cp311-win_amd64.whl", hash = "sha256:28b540f21c0395cd9a5960bc3174e9c03e9ad3f5d59ebe7e8abed2d890dd3cac"},
    {file = "selectolax-0.3.27-cp312-cp312-macosx_10_13_universal2.whl", hash = "sha256:23eefd8c959e211361c29d33c82665e5b0f5a50501b168d9a3bb9d241627c675"},
    {file = "selectolax-0.3.27-cp312-cp312-macosx_10_13_x86_64.whl", hash = "sha256:fcb0e3fd823fc4a7992f15989a64bfebc91aab46873bdd567c5b2122d7ee77d5"},
    {file = "selectolax-0.3.27-cp312-cp312-manylinux_2_17_aarch64.manylinux2014_aarch64.whl", hash = "sha256:6e5ee92a9a08db66ad36367fe4cb61f41d5aff7936577794c7ac52a782114df9"},
    {file = "selectolax-0.3.27-cp312-cp312-manylinux_2_17_x86_64.manylinux2014_x86_64.whl", hash = "sha256:2ad6f3042c14746024198ef503c110a6457afe1edea5f335309226b048f7011c"},
    {file = "selectolax-0.3.27-cp312-cp312-manylinux_2_5_i686.manylinux1_i686.manylinux_2_17_i686.manylinux2014_i686.whl", hash = "sha256:afc5ebac5df69384f59a335ee09e74fb56a1bf6f2f5c617397e77265f08b2e69"},
    {file = "selectolax-0.3.27-cp312-cp312-musllinux_1_2_aarch64.whl", hash = "sha256:804267ad6bd8d35ed55e8b57ab57721cd572e185adaf1027682b3a1356703324"},
    {file = "selectolax-0.3.27-cp312-cp312-musllinux_1_2_i686.whl", hash = "sha256:afb76bdcb70f55f31c2e4c369324148238f9287cb03af3458cd190bc699d051e"},
    {file = "selectolax-0.3.27-cp312-cp312-musllinux_1_2_x86_64.whl", hash = "sha256:98f045ea4f2917e29f30fa6de6f8dcadf2d7f8e8284736428f0863f7e1b851b1"},
    {file = "selectolax-0.3.27-cp312-cp312-win32.whl", hash = "sha256:cfba7d167f8d844897f6aee9acaad4e275a04dae9702f52712f684fbe9e0a488"},
    {file = "selectolax-0.3.27-cp312-cp312-win_amd64.whl", hash = "sha256:1badda1b1c99d2ab03b5a171472a2362eb14db30490c9b472277f0ec9daf0d63"},
    {file = "selectolax-0.3.27-cp313-cp313-macosx_10_13_universal2.whl", hash = "sha256:f02a60042bd600e29025b81fe5def1615180674cab94829d9b34b4e6aa23ebe3"},
    {file = "selectolax-0.3.27-cp313-cp313-macosx_10_13_x86_64.whl", hash = "sha256:1d750b2c2e5ee0cbcb5e97ddd243ddd486452979b38d224ab49c44388f626a21"},
    {file = "selectolax-0.3.27-cp313-cp313-manylinux_2_17_aarch64.manylinux2014_aarch64.whl", hash = "sha256:8536fec1959262fc34f410083c7be990ed8f086e876ea2843a87866321a1d357"},
    {file = "selectolax-0.3.27-cp313-cp313-manylinux_2_17_x86_64.manylinux2014_x86_64.whl", hash = "sha256:0f47cfd8fd053c7cfeaf3a46354b92fee7d0fdcdbe029b05096eefbeb516696c"},
    {file = "selectolax-0.3.27-cp313-cp313-manylinux_2_5_i686.manylinux1_i686.manylinux_2_17_i686.manylinux2014_i686.whl", hash = "sha256:02fc623bee9166f8c0089d0a18b62e9b83d2b8e67b16b080e65df18349065403"},
    {file = "selectolax-0.3.27-cp313-cp313-musllinux_1_2_aarch64.whl", hash = "sha256:10f2d47626d03acd93b7e0c943f8e39e0bf93e756318a8b103a445e64ee03db3"},
    {file = "selectolax-0.3.27-cp313-cp313-musllinux_1_2_i686.whl", hash = "sha256:1d86bdca0a86f533cd9415f2090dd1a52cd251c1e9d968bf5d937b8b4d7f06ee"},
    {file = "selectolax-0.3.27-cp313-cp313-musllinux_1_2_x86_64.whl", hash = "sha256:868687ae608594725e4d9e14a7c9a29ad12b8c622bfc46ce444f61c4292c9bde"},
    {file = "selectolax-0.3.27-cp313-cp313-win32.whl", hash = "sha256:bbdae997288652ea9accc590102219932d296d9464754ddf27df12448b4ec1ca"},
    {file = "selectolax-0.3.27-cp313-cp313-win_amd64.whl", hash = "sha256:5d5330f57edeeadedae5014c74849cd8a84a6d7fb497babe8a82a4f1999b0678"},
    {file = "selectolax-0.3.27-cp37-cp37m-macosx_10_9_x86_64.whl", hash = "sha256:29557e539a4c8c06fecca9eb21d00b96a08f0fd01b33dd1c9ec71c660ff07c86"},
    {file = "selectolax-0.3.27-cp37-cp37m-manylinux_2_17_x86_64.manylinux2014_x86_64.whl", hash = "sha256:1eeb62e2e4569d3c03dd1ec33dc2352aa6549746416ca8de0f0acf7427b36908"},
    {file = "selectolax-0.3.27-cp37-cp37m-manylinux_2_5_i686.manylinux1_i686.manylinux_2_17_i686.manylinux2014_i686.whl", hash = "sha256:853d59fbf9ccbe3bd2c222f9a33f984e421fb2ef2ea39fd3e469568256315242"},
    {file = "selectolax-0.3.27-cp37-cp37m-musllinux_1_2_i686.whl", hash = "sha256:085640fe89aeab643eaa8e37d372ba83b43b748d1a7f3fedab9ff49dc92c262d"},
    {file = "selectolax-0.3.27-cp37-cp37m-musllinux_1_2_x86_64.whl", hash = "sha256:fd8e75ef6fa5133893684e0c8e2646a344a46fdf1937f0e15933dbd1a12831b6"},
    {file = "selectolax-0.3.27-cp37-cp37m-win32.whl", hash = "sha256:ebbda30a8e940ee1ba1cf10d1e4664aeddbf29b90dfdc7d327819ca7b6cfa8de"},
    {file = "selectolax-0.3.27-cp37-cp37m-win_amd64.whl", hash = "sha256:b20ff234ddc1ea5974e0644af750c46cddaa2c5ad509f68ec47f9867e8dcf85f"},
    {file = "selectolax-0.3.27-cp38-cp38-macosx_10_9_universal2.whl", hash = "sha256:bf979b04a56cc8970a3018a6801bb600acc62a32c0e5f51364d2b16b3c39deae"},
    {file = "selectolax-0.3.27-cp38-cp38-macosx_10_9_x86_64.whl", hash = "sha256:90ad3f96336d5b2520c28f2670af93f7d286409f7039432595fb91402bc8fa35"},
    {file = "selectolax-0.3.27-cp38-cp38-manylinux_2_17_x86_64.manylinux2014_x86_64.whl", hash = "sha256:05dbb583c4287d0bf0a4fb851b05d03cda4a716f84be07932f4ba564ab8eddd9"},
    {file = "selectolax-0.3.27-cp38-cp38-manylinux_2_5_i686.manylinux1_i686.manylinux_2_17_i686.manylinux2014_i686.whl", hash = "sha256:442ba2922a37df6dce77791ba558a999a83839c21914906815a5a53b8ca1e765"},
    {file = "selectolax-0.3.27-cp38-cp38-musllinux_1_2_i686.whl", hash = "sha256:6df9182a8f132354b0083f37d3510b5617cb25e1895dc2db8db01e0e59c32e45"},
    {file = "selectolax-0.3.27-cp38-cp38-musllinux_1_2_x86_64.whl", hash = "sha256:d011d372520b3e047859af5f48bc3593cfafcd0e83b21eeda82ea37843581c5a"},
    {file = "selectolax-0.3.27-cp38-cp38-win32.whl", hash = "sha256:58c073f1ca8ae5b0feec713372ff11e3c1ac8f5c5f3865e51bb50d100a6880a0"},
    {file = "selectolax-0.3.27-cp38-cp38-win_amd64.whl", hash = "sha256:a957327c992a8ad54505b16963cd268a5f0c8d74b6f4fbd2c95c106aff6fdaa7"},
    {file = "selectolax-0.3.27-cp39-cp39-macosx_10_9_universal2.whl", hash = "sha256:a4c285f101e5fa07ae202ccc6f347921adc3af1934c752856223296a4234e748"},
    {file = "selectolax-0.3.27-cp39-cp39-macosx_10_9_x86_64.whl", hash = "sha256:52cda4030d1348c4b7759332a64f8d987c1ff5b4538aa2fbacfbc4af06e505f3"},
    {file = "selectolax-0.3.27-cp39-cp39-manylinux_2_17_aarch64.manylinux2014_aarch64.whl", hash = "sha256:a4353f39618eab62b17424029e45c6d216622165624d6865c189d29450cbc00f"},
    {file = "selectolax-0.3.27-cp39-cp39-manylinux_2_17_x86_64.manylinux2014_x86_64.whl", hash = "sha256:81c2c1b0404755463c2bf75ceb6daa7f8c4cc5e4e27cd8406b1f3b4101ef5a36"},
    {file = "selectolax-0.3.27-cp39-cp39-manylinux_2_5_i686.manylinux1_i686.manylinux_2_17_i686.manylinux2014_i686.whl", hash = "sha256:7cef48126ed38ac8ff17e3dff81223f97e4f1ea5c419cbdd7acced8966ef3421"},
    {file = "selectolax-0.3.27-cp39-cp39-musllinux_1_2_aarch64.whl", hash = "sha256:07b061953ae50be3499ff0fea6a47368ec1428f5e0c454ea518c7a4fee70878d"},
    {file = "selectolax-0.3.27-cp39-cp39-musllinux_1_2_i686.whl", hash = "sha256:c4ddea351445a68df9c2fc455d7a73a26ea27fd39f5434d5ad02df70f409a3ea"},
    {file = "selectolax-0.3.27-cp39-cp39-musllinux_1_2_x86_64.whl", hash = "sha256:9d66c2c9108082f6dd7a7b73b3811e01042f9c9a21dd6b70a1ce92ee60e0128e"},
    {file = "selectolax-0.3.27-cp39-cp39-win32.whl", hash = "sha256:9d9cc3f059508f1e0b7f10037c9024b030ad2ce902978aacf0eaba438b37e961"},
    {file = "selectolax-0.3.27-cp39-cp39-win_amd64.whl", hash = "sha256:b8ead43295d2d8e7819279d145f43b3683643e36876caf41ef6e571bc5a9a9f0"},
    {file = "selectolax-0.3.27.tar.gz", hash = "sha256:0e058f869e55d40596a92bff59fffdb551f7135cbf938b0756e9a3bd8de1ffc5"},
]

[package.extras]
cython = ["Cython (==3.0.11)"]

[[package]]
name = "sniffio"
version = "1.3.1"
description = "Sniff out which async library your code is running under"
optional = false
python-versions = ">=3.7"
files = [
    {file = "sniffio-1.3.1-py3-none-any.whl", hash = "sha256:2f6da418d1f1e0fddd844478f41680e794e6051915791a034ff65e5f100525a2"},
    {file = "sniffio-1.3.1.tar.gz", hash = "sha256:f4324edc670a0f49750a81b895f35c3adb843cca46f0530f79fc1babb23789dc"},
]

[metadata]
lock-version = "2.0"
python-versions = "^3.11"
content-hash = "b8a6db3c78ca508d301186386d556dd4371829d8c05ce2bb1b8edb65340d0caf"
